
Microsoft Visual Studio Solution File, Format Version 12.00
# Visual Studio Version 16
VisualStudioVersion = 16.0.29409.12
MinimumVisualStudioVersion = 10.0.40219.1
Project("{FAE04EC0-301F-11D3-BF4B-00C04F79EFBC}") = "ParkStroiteley", "ParkStroiteley\ParkStroiteley.csproj", "{2B01BD75-5CB5-45C1-B371-3EB9BE3C585E}"
EndProject
Global
	GlobalSection(SolutionConfigurationPlatforms) = preSolution
		Debug|Any CPU = Debug|Any CPU
		Release|Any CPU = Release|Any CPU
	EndGlobalSection
	GlobalSection(ProjectConfigurationPlatforms) = postSolution
		{2B01BD75-5CB5-45C1-B371-3EB9BE3C585E}.Debug|Any CPU.ActiveCfg = Debug|Any CPU
		{2B01BD75-5CB5-45C1-B371-3EB9BE3C585E}.Debug|Any CPU.Build.0 = Debug|Any CPU
		{2B01BD75-5CB5-45C1-B371-3EB9BE3C585E}.Release|Any CPU.ActiveCfg = Release|Any CPU
		{2B01BD75-5CB5-45C1-B371-3EB9BE3C585E}.Release|Any CPU.Build.0 = Release|Any CPU
	EndGlobalSection
	GlobalSection(SolutionProperties) = preSolution
		HideSolutionNode = FALSE
	EndGlobalSection
	GlobalSection(ExtensibilityGlobals) = postSolution
		SolutionGuid = {7B20B01F-09E8-445E-AABD-FA80EED153D8}
	EndGlobalSection
EndGlobal
